// !$*UTF8*$!
{
	archiveVersion = 1;
	classes = {
	};
	objectVersion = 46;
	objects = {

/* Begin PBXBuildFile section */
		39A8FEA21D47B022009E039C /* Algorithm.swift in Sources */ = {isa = PBXBuildFile; fileRef = 39A8FE961D47B022009E039C /* Algorithm.swift */; };
		39A8FEA31D47B022009E039C /* Enums.swift in Sources */ = {isa = PBXBuildFile; fileRef = 39A8FE971D47B022009E039C /* Enums.swift */; };
		39A8FEA41D47B022009E039C /* Foundation+Helper.swift in Sources */ = {isa = PBXBuildFile; fileRef = 39A8FE981D47B022009E039C /* Foundation+Helper.swift */; };
		39A8FEA51D47B022009E039C /* Legacy.swift in Sources */ = {isa = PBXBuildFile; fileRef = 39A8FE991D47B022009E039C /* Legacy.swift */; };
		39A8FEA61D47B022009E039C /* SXClient.swift in Sources */ = {isa = PBXBuildFile; fileRef = 39A8FE9A1D47B022009E039C /* SXClient.swift */; };
		39A8FEA71D47B022009E039C /* SXObject.swift in Sources */ = {isa = PBXBuildFile; fileRef = 39A8FE9B1D47B022009E039C /* SXObject.swift */; };
		39A8FEA81D47B022009E039C /* SXQueue.swift in Sources */ = {isa = PBXBuildFile; fileRef = 39A8FE9C1D47B022009E039C /* SXQueue.swift */; };
		39A8FEA91D47B022009E039C /* SXRuntime.swift in Sources */ = {isa = PBXBuildFile; fileRef = 39A8FE9D1D47B022009E039C /* SXRuntime.swift */; };
		39A8FEAA1D47B022009E039C /* SXServer.swift in Sources */ = {isa = PBXBuildFile; fileRef = 39A8FE9E1D47B022009E039C /* SXServer.swift */; };
		39A8FEAB1D47B022009E039C /* SXSockaddr.swift in Sources */ = {isa = PBXBuildFile; fileRef = 39A8FE9F1D47B022009E039C /* SXSockaddr.swift */; };
		39A8FEAC1D47B022009E039C /* SXSocket.swift in Sources */ = {isa = PBXBuildFile; fileRef = 39A8FEA01D47B022009E039C /* SXSocket.swift */; };
		39A8FEAD1D47B022009E039C /* SXTypeProto.swift in Sources */ = {isa = PBXBuildFile; fileRef = 39A8FEA11D47B022009E039C /* SXTypeProto.swift */; };
		39B04A941D47349600B80227 /* main.swift in Sources */ = {isa = PBXBuildFile; fileRef = 39B04A931D47349600B80227 /* main.swift */; };
/* End PBXBuildFile section */

/* Begin PBXCopyFilesBuildPhase section */
		39B04A8E1D47349600B80227 /* CopyFiles */ = {
			isa = PBXCopyFilesBuildPhase;
			buildActionMask = 2147483647;
			dstPath = /usr/share/man/man1/;
			dstSubfolderSpec = 0;
			files = (
			);
			runOnlyForDeploymentPostprocessing = 1;
		};
/* End PBXCopyFilesBuildPhase section */

/* Begin PBXFileReference section */
		39A8FE961D47B022009E039C /* Algorithm.swift */ = {isa = PBXFileReference; fileEncoding = 4; lastKnownFileType = sourcecode.swift; path = Algorithm.swift; sourceTree = "<group>"; };
		39A8FE971D47B022009E039C /* Enums.swift */ = {isa = PBXFileReference; fileEncoding = 4; lastKnownFileType = sourcecode.swift; path = Enums.swift; sourceTree = "<group>"; };
		39A8FE981D47B022009E039C /* Foundation+Helper.swift */ = {isa = PBXFileReference; fileEncoding = 4; lastKnownFileType = sourcecode.swift; path = "Foundation+Helper.swift"; sourceTree = "<group>"; };
		39A8FE991D47B022009E039C /* Legacy.swift */ = {isa = PBXFileReference; fileEncoding = 4; lastKnownFileType = sourcecode.swift; path = Legacy.swift; sourceTree = "<group>"; };
		39A8FE9A1D47B022009E039C /* SXClient.swift */ = {isa = PBXFileReference; fileEncoding = 4; lastKnownFileType = sourcecode.swift; path = SXClient.swift; sourceTree = "<group>"; };
		39A8FE9B1D47B022009E039C /* SXObject.swift */ = {isa = PBXFileReference; fileEncoding = 4; lastKnownFileType = sourcecode.swift; path = SXObject.swift; sourceTree = "<group>"; };
		39A8FE9C1D47B022009E039C /* SXQueue.swift */ = {isa = PBXFileReference; fileEncoding = 4; lastKnownFileType = sourcecode.swift; path = SXQueue.swift; sourceTree = "<group>"; };
		39A8FE9D1D47B022009E039C /* SXRuntime.swift */ = {isa = PBXFileReference; fileEncoding = 4; lastKnownFileType = sourcecode.swift; path = SXRuntime.swift; sourceTree = "<group>"; };
		39A8FE9E1D47B022009E039C /* SXServer.swift */ = {isa = PBXFileReference; fileEncoding = 4; lastKnownFileType = sourcecode.swift; path = SXServer.swift; sourceTree = "<group>"; };
		39A8FE9F1D47B022009E039C /* SXSockaddr.swift */ = {isa = PBXFileReference; fileEncoding = 4; lastKnownFileType = sourcecode.swift; path = SXSockaddr.swift; sourceTree = "<group>"; };
		39A8FEA01D47B022009E039C /* SXSocket.swift */ = {isa = PBXFileReference; fileEncoding = 4; lastKnownFileType = sourcecode.swift; path = SXSocket.swift; sourceTree = "<group>"; };
		39A8FEA11D47B022009E039C /* SXTypeProto.swift */ = {isa = PBXFileReference; fileEncoding = 4; lastKnownFileType = sourcecode.swift; path = SXTypeProto.swift; sourceTree = "<group>"; };
		39B04A901D47349600B80227 /* Truffles */ = {isa = PBXFileReference; explicitFileType = "compiled.mach-o.executable"; includeInIndex = 0; path = Truffles; sourceTree = BUILT_PRODUCTS_DIR; };
		39B04A931D47349600B80227 /* main.swift */ = {isa = PBXFileReference; lastKnownFileType = sourcecode.swift; path = main.swift; sourceTree = "<group>"; };
/* End PBXFileReference section */

/* Begin PBXFrameworksBuildPhase section */
		39B04A8D1D47349600B80227 /* Frameworks */ = {
			isa = PBXFrameworksBuildPhase;
			buildActionMask = 2147483647;
			files = (
			);
			runOnlyForDeploymentPostprocessing = 0;
		};
/* End PBXFrameworksBuildPhase section */

/* Begin PBXGroup section */
		39B04A871D47349600B80227 = {
			isa = PBXGroup;
			children = (
				39B04A921D47349600B80227 /* Truffles */,
				39B04A911D47349600B80227 /* Products */,
			);
			sourceTree = "<group>";
		};
		39B04A911D47349600B80227 /* Products */ = {
			isa = PBXGroup;
			children = (
				39B04A901D47349600B80227 /* Truffles */,
			);
			name = Products;
			sourceTree = "<group>";
		};
		39B04A921D47349600B80227 /* Truffles */ = {
			isa = PBXGroup;
			children = (
				39B04A9B1D4734A800B80227 /* libs */,
				39B04A931D47349600B80227 /* main.swift */,
			);
			path = Truffles;
			sourceTree = "<group>";
		};
		39B04A9A1D4734A000B80227 /* SpartanX */ = {
			isa = PBXGroup;
			children = (
				39A8FE961D47B022009E039C /* Algorithm.swift */,
				39A8FE971D47B022009E039C /* Enums.swift */,
				39A8FE981D47B022009E039C /* Foundation+Helper.swift */,
				39A8FE991D47B022009E039C /* Legacy.swift */,
				39A8FE9A1D47B022009E039C /* SXClient.swift */,
				39A8FE9B1D47B022009E039C /* SXObject.swift */,
				39A8FE9C1D47B022009E039C /* SXQueue.swift */,
				39A8FE9D1D47B022009E039C /* SXRuntime.swift */,
				39A8FE9E1D47B022009E039C /* SXServer.swift */,
				39A8FE9F1D47B022009E039C /* SXSockaddr.swift */,
				39A8FEA01D47B022009E039C /* SXSocket.swift */,
				39A8FEA11D47B022009E039C /* SXTypeProto.swift */,
			);
			name = SpartanX;
			sourceTree = "<group>";
		};
		39B04A9B1D4734A800B80227 /* libs */ = {
			isa = PBXGroup;
			children = (
				39B04A9A1D4734A000B80227 /* SpartanX */,
			);
			name = libs;
			sourceTree = "<group>";
		};
/* End PBXGroup section */

/* Begin PBXNativeTarget section */
		39B04A8F1D47349600B80227 /* Truffles */ = {
			isa = PBXNativeTarget;
			buildConfigurationList = 39B04A971D47349600B80227 /* Build configuration list for PBXNativeTarget "Truffles" */;
			buildPhases = (
				39B04A8C1D47349600B80227 /* Sources */,
				39B04A8D1D47349600B80227 /* Frameworks */,
				39B04A8E1D47349600B80227 /* CopyFiles */,
			);
			buildRules = (
			);
			dependencies = (
			);
			name = Truffles;
			productName = Truffles;
			productReference = 39B04A901D47349600B80227 /* Truffles */;
			productType = "com.apple.product-type.tool";
		};
/* End PBXNativeTarget section */

/* Begin PBXProject section */
		39B04A881D47349600B80227 /* Project object */ = {
			isa = PBXProject;
			attributes = {
				LastSwiftUpdateCheck = 0730;
				LastUpgradeCheck = 0730;
				ORGANIZATIONNAME = rrdev;
				TargetAttributes = {
					39B04A8F1D47349600B80227 = {
						CreatedOnToolsVersion = 7.3.1;
					};
				};
			};
			buildConfigurationList = 39B04A8B1D47349600B80227 /* Build configuration list for PBXProject "Truffles" */;
			compatibilityVersion = "Xcode 3.2";
			developmentRegion = English;
			hasScannedForEncodings = 0;
			knownRegions = (
				en,
			);
			mainGroup = 39B04A871D47349600B80227;
			productRefGroup = 39B04A911D47349600B80227 /* Products */;
			projectDirPath = "";
			projectRoot = "";
			targets = (
				39B04A8F1D47349600B80227 /* Truffles */,
			);
		};
/* End PBXProject section */

/* Begin PBXSourcesBuildPhase section */
		39B04A8C1D47349600B80227 /* Sources */ = {
			isa = PBXSourcesBuildPhase;
			buildActionMask = 2147483647;
			files = (
				39A8FEA81D47B022009E039C /* SXQueue.swift in Sources */,
				39A8FEAB1D47B022009E039C /* SXSockaddr.swift in Sources */,
				39A8FEAA1D47B022009E039C /* SXServer.swift in Sources */,
				39A8FEA71D47B022009E039C /* SXObject.swift in Sources */,
				39A8FEA41D47B022009E039C /* Foundation+Helper.swift in Sources */,
				39A8FEAC1D47B022009E039C /* SXSocket.swift in Sources */,
				39A8FEA91D47B022009E039C /* SXRuntime.swift in Sources */,
				39B04A941D47349600B80227 /* main.swift in Sources */,
				39A8FEAD1D47B022009E039C /* SXTypeProto.swift in Sources */,
				39A8FEA31D47B022009E039C /* Enums.swift in Sources */,
				39A8FEA61D47B022009E039C /* SXClient.swift in Sources */,
				39A8FEA51D47B022009E039C /* Legacy.swift in Sources */,
				39A8FEA21D47B022009E039C /* Algorithm.swift in Sources */,
			);
			runOnlyForDeploymentPostprocessing = 0;
		};
/* End PBXSourcesBuildPhase section */

/* Begin XCBuildConfiguration section */
		39B04A951D47349600B80227 /* Debug */ = {
			isa = XCBuildConfiguration;
			buildSettings = {
				ALWAYS_SEARCH_USER_PATHS = NO;
				CLANG_ANALYZER_NONNULL = YES;
				CLANG_CXX_LANGUAGE_STANDARD = "gnu++0x";
				CLANG_CXX_LIBRARY = "libc++";
				CLANG_ENABLE_MODULES = YES;
				CLANG_ENABLE_OBJC_ARC = YES;
				CLANG_WARN_BOOL_CONVERSION = YES;
				CLANG_WARN_CONSTANT_CONVERSION = YES;
				CLANG_WARN_DIRECT_OBJC_ISA_USAGE = YES_ERROR;
				CLANG_WARN_EMPTY_BODY = YES;
				CLANG_WARN_ENUM_CONVERSION = YES;
				CLANG_WARN_INT_CONVERSION = YES;
				CLANG_WARN_OBJC_ROOT_CLASS = YES_ERROR;
				CLANG_WARN_UNREACHABLE_CODE = YES;
				CLANG_WARN__DUPLICATE_METHOD_MATCH = YES;
				CODE_SIGN_IDENTITY = "-";
				COPY_PHASE_STRIP = NO;
				DEBUG_INFORMATION_FORMAT = dwarf;
				ENABLE_STRICT_OBJC_MSGSEND = YES;
				ENABLE_TESTABILITY = YES;
				GCC_C_LANGUAGE_STANDARD = gnu99;
				GCC_DYNAMIC_NO_PIC = NO;
				GCC_NO_COMMON_BLOCKS = YES;
				GCC_OPTIMIZATION_LEVEL = 0;
				GCC_PREPROCESSOR_DEFINITIONS = (
					"DEBUG=1",
					"$(inherited)",
				);
				GCC_WARN_64_TO_32_BIT_CONVERSION = YES;
				GCC_WARN_ABOUT_RETURN_TYPE = YES_ERROR;
				GCC_WARN_UNDECLARED_SELECTOR = YES;
				GCC_WARN_UNINITIALIZED_AUTOS = YES_AGGRESSIVE;
				GCC_WARN_UNUSED_FUNCTION = YES;
				GCC_WARN_UNUSED_VARIABLE = YES;
				MACOSX_DEPLOYMENT_TARGET = 10.11;
				MTL_ENABLE_DEBUG_INFO = YES;
				ONLY_ACTIVE_ARCH = YES;
				SDKROOT = macosx;
				SWIFT_OPTIMIZATION_LEVEL = "-Onone";
			};
			name = Debug;
		};
		39B04A961D47349600B80227 /* Release */ = {
			isa = XCBuildConfiguration;
			buildSettings = {
				ALWAYS_SEARCH_USER_PATHS = NO;
				CLANG_ANALYZER_NONNULL = YES;
				CLANG_CXX_LANGUAGE_STANDARD = "gnu++0x";
				CLANG_CXX_LIBRARY = "libc++";
				CLANG_ENABLE_MODULES = YES;
				CLANG_ENABLE_OBJC_ARC = YES;
				CLANG_WARN_BOOL_CONVERSION = YES;
				CLANG_WARN_CONSTANT_CONVERSION = YES;
				CLANG_WARN_DIRECT_OBJC_ISA_USAGE = YES_ERROR;
				CLANG_WARN_EMPTY_BODY = YES;
				CLANG_WARN_ENUM_CONVERSION = YES;
				CLANG_WARN_INT_CONVERSION = YES;
				CLANG_WARN_OBJC_ROOT_CLASS = YES_ERROR;
				CLANG_WARN_UNREACHABLE_CODE = YES;
				CLANG_WARN__DUPLICATE_METHOD_MATCH = YES;
				CODE_SIGN_IDENTITY = "-";
				COPY_PHASE_STRIP = NO;
				DEBUG_INFORMATION_FORMAT = "dwarf-with-dsym";
				ENABLE_NS_ASSERTIONS = NO;
				ENABLE_STRICT_OBJC_MSGSEND = YES;
				GCC_C_LANGUAGE_STANDARD = gnu99;
				GCC_NO_COMMON_BLOCKS = YES;
				GCC_WARN_64_TO_32_BIT_CONVERSION = YES;
				GCC_WARN_ABOUT_RETURN_TYPE = YES_ERROR;
				GCC_WARN_UNDECLARED_SELECTOR = YES;
				GCC_WARN_UNINITIALIZED_AUTOS = YES_AGGRESSIVE;
				GCC_WARN_UNUSED_FUNCTION = YES;
				GCC_WARN_UNUSED_VARIABLE = YES;
				MACOSX_DEPLOYMENT_TARGET = 10.11;
				MTL_ENABLE_DEBUG_INFO = NO;
				SDKROOT = macosx;
			};
			name = Release;
		};
		39B04A981D47349600B80227 /* Debug */ = {
			isa = XCBuildConfiguration;
			buildSettings = {
				PRODUCT_NAME = "$(TARGET_NAME)";
			};
			name = Debug;
		};
		39B04A991D47349600B80227 /* Release */ = {
			isa = XCBuildConfiguration;
			buildSettings = {
				PRODUCT_NAME = "$(TARGET_NAME)";
			};
			name = Release;
		};
/* End XCBuildConfiguration section */

/* Begin XCConfigurationList section */
		39B04A8B1D47349600B80227 /* Build configuration list for PBXProject "Truffles" */ = {
			isa = XCConfigurationList;
			buildConfigurations = (
				39B04A951D47349600B80227 /* Debug */,
				39B04A961D47349600B80227 /* Release */,
			);
			defaultConfigurationIsVisible = 0;
			defaultConfigurationName = Release;
		};
		39B04A971D47349600B80227 /* Build configuration list for PBXNativeTarget "Truffles" */ = {
			isa = XCConfigurationList;
			buildConfigurations = (
				39B04A981D47349600B80227 /* Debug */,
				39B04A991D47349600B80227 /* Release */,
			);
			defaultConfigurationIsVisible = 0;
			defaultConfigurationName = Release;
		};
/* End XCConfigurationList section */
	};
	rootObject = 39B04A881D47349600B80227 /* Project object */;
}
